
Microsoft Visual Studio Solution File, Format Version 12.00
# Visual Studio 15
Project("{FAE04EC0-301F-11D3-BF4B-00C04F79EFBC}") = "CustomMasterDetails.Android", "CustomMasterDetails.Android\CustomMasterDetails.Android.csproj", "{5F0E5FD6-A270-465C-A32C-65135F52AF70}"
EndProject
Project("{FAE04EC0-301F-11D3-BF4B-00C04F79EFBC}") = "CustomMasterDetails.iOS", "CustomMasterDetails.iOS\CustomMasterDetails.iOS.csproj", "{FC3337A3-C683-4652-85DB-ECFEC8B96A71}"
EndProject
Project("{FAE04EC0-301F-11D3-BF4B-00C04F79EFBC}") = "CustomMasterDetails", "CustomMasterDetails\CustomMasterDetails.csproj", "{F3E36DBB-BD4E-4854-92D6-6450394A02B9}"
EndProject
Global
	GlobalSection(SolutionConfigurationPlatforms) = preSolution
		Debug|Any CPU = Debug|Any CPU
		Release|Any CPU = Release|Any CPU
		Debug|iPhoneSimulator = Debug|iPhoneSimulator
		Release|iPhoneSimulator = Release|iPhoneSimulator
		Debug|iPhone = Debug|iPhone
		Release|iPhone = Release|iPhone
		Ad-Hoc|iPhone = Ad-Hoc|iPhone
		AppStore|iPhone = AppStore|iPhone
	EndGlobalSection
	GlobalSection(ProjectConfigurationPlatforms) = postSolution
		{5F0E5FD6-A270-465C-A32C-65135F52AF70}.Debug|Any CPU.ActiveCfg = Debug|Any CPU
		{5F0E5FD6-A270-465C-A32C-65135F52AF70}.Debug|Any CPU.Build.0 = Debug|Any CPU
		{5F0E5FD6-A270-465C-A32C-65135F52AF70}.Release|Any CPU.ActiveCfg = Release|Any CPU
		{5F0E5FD6-A270-465C-A32C-65135F52AF70}.Release|Any CPU.Build.0 = Release|Any CPU
		{5F0E5FD6-A270-465C-A32C-65135F52AF70}.Debug|iPhoneSimulator.ActiveCfg = Debug|Any CPU
		{5F0E5FD6-A270-465C-A32C-65135F52AF70}.Debug|iPhoneSimulator.Build.0 = Debug|Any CPU
		{5F0E5FD6-A270-465C-A32C-65135F52AF70}.Release|iPhoneSimulator.ActiveCfg = Release|Any CPU
		{5F0E5FD6-A270-465C-A32C-65135F52AF70}.Release|iPhoneSimulator.Build.0 = Release|Any CPU
		{5F0E5FD6-A270-465C-A32C-65135F52AF70}.Debug|iPhone.ActiveCfg = Debug|Any CPU
		{5F0E5FD6-A270-465C-A32C-65135F52AF70}.Debug|iPhone.Build.0 = Debug|Any CPU
		{5F0E5FD6-A270-465C-A32C-65135F52AF70}.Release|iPhone.ActiveCfg = Release|Any CPU
		{5F0E5FD6-A270-465C-A32C-65135F52AF70}.Release|iPhone.Build.0 = Release|Any CPU
		{5F0E5FD6-A270-465C-A32C-65135F52AF70}.Ad-Hoc|iPhone.ActiveCfg = Debug|Any CPU
		{5F0E5FD6-A270-465C-A32C-65135F52AF70}.Ad-Hoc|iPhone.Build.0 = Debug|Any CPU
		{5F0E5FD6-A270-465C-A32C-65135F52AF70}.AppStore|iPhone.ActiveCfg = Debug|Any CPU
		{5F0E5FD6-A270-465C-A32C-65135F52AF70}.AppStore|iPhone.Build.0 = Debug|Any CPU
		{FC3337A3-C683-4652-85DB-ECFEC8B96A71}.Debug|Any CPU.ActiveCfg = Debug|iPhoneSimulator
		{FC3337A3-C683-4652-85DB-ECFEC8B96A71}.Debug|Any CPU.Build.0 = Debug|iPhoneSimulator
		{FC3337A3-C683-4652-85DB-ECFEC8B96A71}.Release|Any CPU.ActiveCfg = Release|iPhoneSimulator
		{FC3337A3-C683-4652-85DB-ECFEC8B96A71}.Release|Any CPU.Build.0 = Release|iPhoneSimulator
		{FC3337A3-C683-4652-85DB-ECFEC8B96A71}.Debug|iPhoneSimulator.ActiveCfg = Debug|iPhoneSimulator
		{FC3337A3-C683-4652-85DB-ECFEC8B96A71}.Debug|iPhoneSimulator.Build.0 = Debug|iPhoneSimulator
		{FC3337A3-C683-4652-85DB-ECFEC8B96A71}.Release|iPhoneSimulator.ActiveCfg = Release|iPhoneSimulator
		{FC3337A3-C683-4652-85DB-ECFEC8B96A71}.Release|iPhoneSimulator.Build.0 = Release|iPhoneSimulator
		{FC3337A3-C683-4652-85DB-ECFEC8B96A71}.Debug|iPhone.ActiveCfg = Debug|iPhone
		{FC3337A3-C683-4652-85DB-ECFEC8B96A71}.Debug|iPhone.Build.0 = Debug|iPhone
		{FC3337A3-C683-4652-85DB-ECFEC8B96A71}.Release|iPhone.ActiveCfg = Release|iPhone
		{FC3337A3-C683-4652-85DB-ECFEC8B96A71}.Release|iPhone.Build.0 = Release|iPhone
		{FC3337A3-C683-4652-85DB-ECFEC8B96A71}.Ad-Hoc|iPhone.ActiveCfg = Ad-Hoc|iPhone
		{FC3337A3-C683-4652-85DB-ECFEC8B96A71}.Ad-Hoc|iPhone.Build.0 = Ad-Hoc|iPhone
		{FC3337A3-C683-4652-85DB-ECFEC8B96A71}.AppStore|iPhone.ActiveCfg = AppStore|iPhone
		{FC3337A3-C683-4652-85DB-ECFEC8B96A71}.AppStore|iPhone.Build.0 = AppStore|iPhone
		{F3E36DBB-BD4E-4854-92D6-6450394A02B9}.Debug|Any CPU.ActiveCfg = Debug|Any CPU
		{F3E36DBB-BD4E-4854-92D6-6450394A02B9}.Debug|Any CPU.Build.0 = Debug|Any CPU
		{F3E36DBB-BD4E-4854-92D6-6450394A02B9}.Release|Any CPU.ActiveCfg = Release|Any CPU
		{F3E36DBB-BD4E-4854-92D6-6450394A02B9}.Release|Any CPU.Build.0 = Release|Any CPU
		{F3E36DBB-BD4E-4854-92D6-6450394A02B9}.Debug|iPhoneSimulator.ActiveCfg = Debug|Any CPU
		{F3E36DBB-BD4E-4854-92D6-6450394A02B9}.Debug|iPhoneSimulator.Build.0 = Debug|Any CPU
		{F3E36DBB-BD4E-4854-92D6-6450394A02B9}.Release|iPhoneSimulator.ActiveCfg = Release|Any CPU
		{F3E36DBB-BD4E-4854-92D6-6450394A02B9}.Release|iPhoneSimulator.Build.0 = Release|Any CPU
		{F3E36DBB-BD4E-4854-92D6-6450394A02B9}.Debug|iPhone.ActiveCfg = Debug|Any CPU
		{F3E36DBB-BD4E-4854-92D6-6450394A02B9}.Debug|iPhone.Build.0 = Debug|Any CPU
		{F3E36DBB-BD4E-4854-92D6-6450394A02B9}.Release|iPhone.ActiveCfg = Release|Any CPU
		{F3E36DBB-BD4E-4854-92D6-6450394A02B9}.Release|iPhone.Build.0 = Release|Any CPU
		{F3E36DBB-BD4E-4854-92D6-6450394A02B9}.Ad-Hoc|iPhone.ActiveCfg = Debug|Any CPU
		{F3E36DBB-BD4E-4854-92D6-6450394A02B9}.Ad-Hoc|iPhone.Build.0 = Debug|Any CPU
		{F3E36DBB-BD4E-4854-92D6-6450394A02B9}.AppStore|iPhone.ActiveCfg = Debug|Any CPU
		{F3E36DBB-BD4E-4854-92D6-6450394A02B9}.AppStore|iPhone.Build.0 = Debug|Any CPU
	EndGlobalSection
EndGlobal
